
Microsoft Visual Studio Solution File, Format Version 12.00
# Visual Studio Version 17
VisualStudioVersion = 17.8.34525.116
MinimumVisualStudioVersion = 10.0.40219.1
Project("{FAE04EC0-301F-11D3-BF4B-00C04F79EFBC}") = "ADO-klass-work1", "ADO-klass-work1\ADO-klass-work1.csproj", "{956287E8-9B50-414C-8D2E-0E5414019336}"
EndProject
Global
	GlobalSection(SolutionConfigurationPlatforms) = preSolution
		Debug|Any CPU = Debug|Any CPU
		Release|Any CPU = Release|Any CPU
	EndGlobalSection
	GlobalSection(ProjectConfigurationPlatforms) = postSolution
		{956287E8-9B50-414C-8D2E-0E5414019336}.Debug|Any CPU.ActiveCfg = Debug|Any CPU
		{956287E8-9B50-414C-8D2E-0E5414019336}.Debug|Any CPU.Build.0 = Debug|Any CPU
		{956287E8-9B50-414C-8D2E-0E5414019336}.Release|Any CPU.ActiveCfg = Release|Any CPU
		{956287E8-9B50-414C-8D2E-0E5414019336}.Release|Any CPU.Build.0 = Release|Any CPU
	EndGlobalSection
	GlobalSection(SolutionProperties) = preSolution
		HideSolutionNode = FALSE
	EndGlobalSection
	GlobalSection(ExtensibilityGlobals) = postSolution
		SolutionGuid = {4047B9A7-9083-434B-AA8A-779462A9AFA0}
	EndGlobalSection
EndGlobal
